
Microsoft Visual Studio Solution File, Format Version 12.00
# Visual Studio Version 16
VisualStudioVersion = 16.0.31702.278
MinimumVisualStudioVersion = 10.0.40219.1
Project("{FAE04EC0-301F-11D3-BF4B-00C04F79EFBC}") = "HastaneEnvanterYonetimSistemi", "HastaneEnvanterYonetimSistemi\HastaneEnvanterYonetimSistemi.csproj", "{33D73CBC-AFE5-4E9C-B86B-A5723B7A27CD}"
EndProject
Global
	GlobalSection(SolutionConfigurationPlatforms) = preSolution
		Debug|Any CPU = Debug|Any CPU
		Release|Any CPU = Release|Any CPU
	EndGlobalSection
	GlobalSection(ProjectConfigurationPlatforms) = postSolution
		{33D73CBC-AFE5-4E9C-B86B-A5723B7A27CD}.Debug|Any CPU.ActiveCfg = Debug|Any CPU
		{33D73CBC-AFE5-4E9C-B86B-A5723B7A27CD}.Debug|Any CPU.Build.0 = Debug|Any CPU
		{33D73CBC-AFE5-4E9C-B86B-A5723B7A27CD}.Release|Any CPU.ActiveCfg = Release|Any CPU
		{33D73CBC-AFE5-4E9C-B86B-A5723B7A27CD}.Release|Any CPU.Build.0 = Release|Any CPU
	EndGlobalSection
	GlobalSection(SolutionProperties) = preSolution
		HideSolutionNode = FALSE
	EndGlobalSection
	GlobalSection(ExtensibilityGlobals) = postSolution
		SolutionGuid = {4451BEB6-00B0-4862-A457-8C15225E0E1F}
	EndGlobalSection
EndGlobal
